
Microsoft Visual Studio Solution File, Format Version 12.00
# Visual Studio 15
VisualStudioVersion = 15.0.26124.0
MinimumVisualStudioVersion = 15.0.26124.0
Project("{FAE04EC0-301F-11D3-BF4B-00C04F79EFBC}") = "QuickBuy.Dominio", "QuickBuy.Dominio\QuickBuy.Dominio.csproj", "{D4258E75-69CF-4BDE-9341-AD76E2A82C0E}"
EndProject
Project("{FAE04EC0-301F-11D3-BF4B-00C04F79EFBC}") = "QuickBuy.Repositorio", "QuickBuy.Repositorio\QuickBuy.Repositorio.csproj", "{3BD761E1-FE59-4C07-A2D0-1878A24C456E}"
EndProject
Project("{FAE04EC0-301F-11D3-BF4B-00C04F79EFBC}") = "QuickBuy.Web", "QuickBuy.Web\QuickBuy.Web.csproj", "{1FD45EE8-60A5-412D-AEFE-D4040BEC2BA0}"
EndProject
Global
	GlobalSection(SolutionConfigurationPlatforms) = preSolution
		Debug|Any CPU = Debug|Any CPU
		Debug|x64 = Debug|x64
		Debug|x86 = Debug|x86
		Release|Any CPU = Release|Any CPU
		Release|x64 = Release|x64
		Release|x86 = Release|x86
	EndGlobalSection
	GlobalSection(SolutionProperties) = preSolution
		HideSolutionNode = FALSE
	EndGlobalSection
	GlobalSection(ProjectConfigurationPlatforms) = postSolution
		{D4258E75-69CF-4BDE-9341-AD76E2A82C0E}.Debug|Any CPU.ActiveCfg = Debug|Any CPU
		{D4258E75-69CF-4BDE-9341-AD76E2A82C0E}.Debug|Any CPU.Build.0 = Debug|Any CPU
		{D4258E75-69CF-4BDE-9341-AD76E2A82C0E}.Debug|x64.ActiveCfg = Debug|Any CPU
		{D4258E75-69CF-4BDE-9341-AD76E2A82C0E}.Debug|x64.Build.0 = Debug|Any CPU
		{D4258E75-69CF-4BDE-9341-AD76E2A82C0E}.Debug|x86.ActiveCfg = Debug|Any CPU
		{D4258E75-69CF-4BDE-9341-AD76E2A82C0E}.Debug|x86.Build.0 = Debug|Any CPU
		{D4258E75-69CF-4BDE-9341-AD76E2A82C0E}.Release|Any CPU.ActiveCfg = Release|Any CPU
		{D4258E75-69CF-4BDE-9341-AD76E2A82C0E}.Release|Any CPU.Build.0 = Release|Any CPU
		{D4258E75-69CF-4BDE-9341-AD76E2A82C0E}.Release|x64.ActiveCfg = Release|Any CPU
		{D4258E75-69CF-4BDE-9341-AD76E2A82C0E}.Release|x64.Build.0 = Release|Any CPU
		{D4258E75-69CF-4BDE-9341-AD76E2A82C0E}.Release|x86.ActiveCfg = Release|Any CPU
		{D4258E75-69CF-4BDE-9341-AD76E2A82C0E}.Release|x86.Build.0 = Release|Any CPU
		{3BD761E1-FE59-4C07-A2D0-1878A24C456E}.Debug|Any CPU.ActiveCfg = Debug|Any CPU
		{3BD761E1-FE59-4C07-A2D0-1878A24C456E}.Debug|Any CPU.Build.0 = Debug|Any CPU
		{3BD761E1-FE59-4C07-A2D0-1878A24C456E}.Debug|x64.ActiveCfg = Debug|Any CPU
		{3BD761E1-FE59-4C07-A2D0-1878A24C456E}.Debug|x64.Build.0 = Debug|Any CPU
		{3BD761E1-FE59-4C07-A2D0-1878A24C456E}.Debug|x86.ActiveCfg = Debug|Any CPU
		{3BD761E1-FE59-4C07-A2D0-1878A24C456E}.Debug|x86.Build.0 = Debug|Any CPU
		{3BD761E1-FE59-4C07-A2D0-1878A24C456E}.Release|Any CPU.ActiveCfg = Release|Any CPU
		{3BD761E1-FE59-4C07-A2D0-1878A24C456E}.Release|Any CPU.Build.0 = Release|Any CPU
		{3BD761E1-FE59-4C07-A2D0-1878A24C456E}.Release|x64.ActiveCfg = Release|Any CPU
		{3BD761E1-FE59-4C07-A2D0-1878A24C456E}.Release|x64.Build.0 = Release|Any CPU
		{3BD761E1-FE59-4C07-A2D0-1878A24C456E}.Release|x86.ActiveCfg = Release|Any CPU
		{3BD761E1-FE59-4C07-A2D0-1878A24C456E}.Release|x86.Build.0 = Release|Any CPU
		{1FD45EE8-60A5-412D-AEFE-D4040BEC2BA0}.Debug|Any CPU.ActiveCfg = Debug|Any CPU
		{1FD45EE8-60A5-412D-AEFE-D4040BEC2BA0}.Debug|Any CPU.Build.0 = Debug|Any CPU
		{1FD45EE8-60A5-412D-AEFE-D4040BEC2BA0}.Debug|x64.ActiveCfg = Debug|Any CPU
		{1FD45EE8-60A5-412D-AEFE-D4040BEC2BA0}.Debug|x64.Build.0 = Debug|Any CPU
		{1FD45EE8-60A5-412D-AEFE-D4040BEC2BA0}.Debug|x86.ActiveCfg = Debug|Any CPU
		{1FD45EE8-60A5-412D-AEFE-D4040BEC2BA0}.Debug|x86.Build.0 = Debug|Any CPU
		{1FD45EE8-60A5-412D-AEFE-D4040BEC2BA0}.Release|Any CPU.ActiveCfg = Release|Any CPU
		{1FD45EE8-60A5-412D-AEFE-D4040BEC2BA0}.Release|Any CPU.Build.0 = Release|Any CPU
		{1FD45EE8-60A5-412D-AEFE-D4040BEC2BA0}.Release|x64.ActiveCfg = Release|Any CPU
		{1FD45EE8-60A5-412D-AEFE-D4040BEC2BA0}.Release|x64.Build.0 = Release|Any CPU
		{1FD45EE8-60A5-412D-AEFE-D4040BEC2BA0}.Release|x86.ActiveCfg = Release|Any CPU
		{1FD45EE8-60A5-412D-AEFE-D4040BEC2BA0}.Release|x86.Build.0 = Release|Any CPU
	EndGlobalSection
EndGlobal
